
Microsoft Visual Studio Solution File, Format Version 12.00
# Visual Studio Version 17
VisualStudioVersion = 17.8.34511.84
MinimumVisualStudioVersion = 10.0.40219.1
Project("{FAE04EC0-301F-11D3-BF4B-00C04F79EFBC}") = "FullStackMon", "FullStackMon\FullStackMon.csproj", "{47D26529-9E65-4421-AC5A-B8EF4EB378D3}"
EndProject
Global
	GlobalSection(SolutionConfigurationPlatforms) = preSolution
		Debug|Any CPU = Debug|Any CPU
		Release|Any CPU = Release|Any CPU
	EndGlobalSection
	GlobalSection(ProjectConfigurationPlatforms) = postSolution
		{47D26529-9E65-4421-AC5A-B8EF4EB378D3}.Debug|Any CPU.ActiveCfg = Debug|Any CPU
		{47D26529-9E65-4421-AC5A-B8EF4EB378D3}.Debug|Any CPU.Build.0 = Debug|Any CPU
		{47D26529-9E65-4421-AC5A-B8EF4EB378D3}.Release|Any CPU.ActiveCfg = Release|Any CPU
		{47D26529-9E65-4421-AC5A-B8EF4EB378D3}.Release|Any CPU.Build.0 = Release|Any CPU
	EndGlobalSection
	GlobalSection(SolutionProperties) = preSolution
		HideSolutionNode = FALSE
	EndGlobalSection
	GlobalSection(ExtensibilityGlobals) = postSolution
		SolutionGuid = {F24E3FC4-A743-4762-8641-C81A7FF2C5A7}
	EndGlobalSection
EndGlobal
